
Microsoft Visual Studio Solution File, Format Version 12.00
# Visual Studio Version 17
VisualStudioVersion = 17.8.34330.188
MinimumVisualStudioVersion = 10.0.40219.1
Project("{FAE04EC0-301F-11D3-BF4B-00C04F79EFBC}") = "drofus-web-app", "drofus-web-app\drofus-web-app.csproj", "{E3DF1F58-6266-4D17-BBA8-21FB93FE7F47}"
EndProject
Global
	GlobalSection(SolutionConfigurationPlatforms) = preSolution
		Debug|Any CPU = Debug|Any CPU
		Release|Any CPU = Release|Any CPU
	EndGlobalSection
	GlobalSection(ProjectConfigurationPlatforms) = postSolution
		{E3DF1F58-6266-4D17-BBA8-21FB93FE7F47}.Debug|Any CPU.ActiveCfg = Debug|Any CPU
		{E3DF1F58-6266-4D17-BBA8-21FB93FE7F47}.Debug|Any CPU.Build.0 = Debug|Any CPU
		{E3DF1F58-6266-4D17-BBA8-21FB93FE7F47}.Release|Any CPU.ActiveCfg = Release|Any CPU
		{E3DF1F58-6266-4D17-BBA8-21FB93FE7F47}.Release|Any CPU.Build.0 = Release|Any CPU
	EndGlobalSection
	GlobalSection(SolutionProperties) = preSolution
		HideSolutionNode = FALSE
	EndGlobalSection
	GlobalSection(ExtensibilityGlobals) = postSolution
		SolutionGuid = {8A1C89FF-F947-46ED-A7C4-561DEA8ADB08}
	EndGlobalSection
EndGlobal
